
Microsoft Visual Studio Solution File, Format Version 12.00
# Visual Studio Version 17
VisualStudioVersion = 17.4.33213.308
MinimumVisualStudioVersion = 10.0.40219.1
Project("{FAE04EC0-301F-11D3-BF4B-00C04F79EFBC}") = "Grade_Calculator", "Grade_Calculator\Grade_Calculator.csproj", "{A80675A7-5F9B-461A-96F3-D082F7C44C58}"
EndProject
Global
	GlobalSection(SolutionConfigurationPlatforms) = preSolution
		Debug|Any CPU = Debug|Any CPU
		Release|Any CPU = Release|Any CPU
	EndGlobalSection
	GlobalSection(ProjectConfigurationPlatforms) = postSolution
		{A80675A7-5F9B-461A-96F3-D082F7C44C58}.Debug|Any CPU.ActiveCfg = Debug|Any CPU
		{A80675A7-5F9B-461A-96F3-D082F7C44C58}.Debug|Any CPU.Build.0 = Debug|Any CPU
		{A80675A7-5F9B-461A-96F3-D082F7C44C58}.Release|Any CPU.ActiveCfg = Release|Any CPU
		{A80675A7-5F9B-461A-96F3-D082F7C44C58}.Release|Any CPU.Build.0 = Release|Any CPU
	EndGlobalSection
	GlobalSection(SolutionProperties) = preSolution
		HideSolutionNode = FALSE
	EndGlobalSection
	GlobalSection(ExtensibilityGlobals) = postSolution
		SolutionGuid = {A030DBA5-A218-4528-8556-ABED978C2E80}
	EndGlobalSection
EndGlobal
