
Microsoft Visual Studio Solution File, Format Version 12.00
# Visual Studio Version 17
VisualStudioVersion = 17.4.33213.308
MinimumVisualStudioVersion = 10.0.40219.1
Project("{FAE04EC0-301F-11D3-BF4B-00C04F79EFBC}") = "LAB_1", "LAB_1\LAB_1.csproj", "{304DD8B2-BF45-4B83-B2D5-E073AEE3729C}"
EndProject
Global
	GlobalSection(SolutionConfigurationPlatforms) = preSolution
		Debug|Any CPU = Debug|Any CPU
		Release|Any CPU = Release|Any CPU
	EndGlobalSection
	GlobalSection(ProjectConfigurationPlatforms) = postSolution
		{304DD8B2-BF45-4B83-B2D5-E073AEE3729C}.Debug|Any CPU.ActiveCfg = Debug|Any CPU
		{304DD8B2-BF45-4B83-B2D5-E073AEE3729C}.Debug|Any CPU.Build.0 = Debug|Any CPU
		{304DD8B2-BF45-4B83-B2D5-E073AEE3729C}.Release|Any CPU.ActiveCfg = Release|Any CPU
		{304DD8B2-BF45-4B83-B2D5-E073AEE3729C}.Release|Any CPU.Build.0 = Release|Any CPU
	EndGlobalSection
	GlobalSection(SolutionProperties) = preSolution
		HideSolutionNode = FALSE
	EndGlobalSection
	GlobalSection(ExtensibilityGlobals) = postSolution
		SolutionGuid = {581DD51E-9A2D-48D4-A3A2-6E8185EBCB08}
	EndGlobalSection
EndGlobal
