
Microsoft Visual Studio Solution File, Format Version 12.00
# Visual Studio Version 17
VisualStudioVersion = 17.4.33213.308
MinimumVisualStudioVersion = 10.0.40219.1
Project("{FAE04EC0-301F-11D3-BF4B-00C04F79EFBC}") = "LAB_1.1", "LAB_1.1\LAB_1.1.csproj", "{62C9892E-20A2-4C62-A915-E2CBA21DBA6E}"
EndProject
Global
	GlobalSection(SolutionConfigurationPlatforms) = preSolution
		Debug|Any CPU = Debug|Any CPU
		Release|Any CPU = Release|Any CPU
	EndGlobalSection
	GlobalSection(ProjectConfigurationPlatforms) = postSolution
		{62C9892E-20A2-4C62-A915-E2CBA21DBA6E}.Debug|Any CPU.ActiveCfg = Debug|Any CPU
		{62C9892E-20A2-4C62-A915-E2CBA21DBA6E}.Debug|Any CPU.Build.0 = Debug|Any CPU
		{62C9892E-20A2-4C62-A915-E2CBA21DBA6E}.Release|Any CPU.ActiveCfg = Release|Any CPU
		{62C9892E-20A2-4C62-A915-E2CBA21DBA6E}.Release|Any CPU.Build.0 = Release|Any CPU
	EndGlobalSection
	GlobalSection(SolutionProperties) = preSolution
		HideSolutionNode = FALSE
	EndGlobalSection
	GlobalSection(ExtensibilityGlobals) = postSolution
		SolutionGuid = {14592011-B0B9-4315-9B86-60CA2DDA614E}
	EndGlobalSection
EndGlobal
